
Microsoft Visual Studio Solution File, Format Version 12.00
# Visual Studio 15
VisualStudioVersion = 15.0.28307.329
MinimumVisualStudioVersion = 10.0.40219.1
Project("{F184B08F-C81C-45F6-A57F-5ABD9991F28F}") = "Temp", "Temp\Temp.vbproj", "{EF4A739A-FD53-44DF-AA73-31F56C71B5B5}"
EndProject
Project("{F184B08F-C81C-45F6-A57F-5ABD9991F28F}") = "Temp.Tests", "Temp.Tests\Temp.Tests.vbproj", "{560284FE-7FEE-4AD7-BDB0-90948DEB4850}"
EndProject
Global
	GlobalSection(SolutionConfigurationPlatforms) = preSolution
		Debug|Any CPU = Debug|Any CPU
		Release|Any CPU = Release|Any CPU
	EndGlobalSection
	GlobalSection(ProjectConfigurationPlatforms) = postSolution
		{EF4A739A-FD53-44DF-AA73-31F56C71B5B5}.Debug|Any CPU.ActiveCfg = Debug|Any CPU
		{EF4A739A-FD53-44DF-AA73-31F56C71B5B5}.Debug|Any CPU.Build.0 = Debug|Any CPU
		{EF4A739A-FD53-44DF-AA73-31F56C71B5B5}.Release|Any CPU.ActiveCfg = Release|Any CPU
		{EF4A739A-FD53-44DF-AA73-31F56C71B5B5}.Release|Any CPU.Build.0 = Release|Any CPU
		{560284FE-7FEE-4AD7-BDB0-90948DEB4850}.Debug|Any CPU.ActiveCfg = Debug|Any CPU
		{560284FE-7FEE-4AD7-BDB0-90948DEB4850}.Debug|Any CPU.Build.0 = Debug|Any CPU
		{560284FE-7FEE-4AD7-BDB0-90948DEB4850}.Release|Any CPU.ActiveCfg = Release|Any CPU
		{560284FE-7FEE-4AD7-BDB0-90948DEB4850}.Release|Any CPU.Build.0 = Release|Any CPU
	EndGlobalSection
	GlobalSection(SolutionProperties) = preSolution
		HideSolutionNode = FALSE
	EndGlobalSection
	GlobalSection(ExtensibilityGlobals) = postSolution
		SolutionGuid = {B91B5C1F-3516-4802-9ACF-6295D61AA6AA}
	EndGlobalSection
EndGlobal
